
Microsoft Visual Studio Solution File, Format Version 12.00
# Visual Studio 15
VisualStudioVersion = 15.0.26730.12
MinimumVisualStudioVersion = 10.0.40219.1
Project("{888888A0-9F3D-457C-B088-3A5042F75D52}") = "PIAA_lab1", "PIAA_lab1.pyproj", "{4619C16E-76E7-4BAF-B7BD-B9D9C5FB3D14}"
EndProject
Global
	GlobalSection(SolutionConfigurationPlatforms) = preSolution
		Debug|Any CPU = Debug|Any CPU
		Release|Any CPU = Release|Any CPU
	EndGlobalSection
	GlobalSection(ProjectConfigurationPlatforms) = postSolution
		{4619C16E-76E7-4BAF-B7BD-B9D9C5FB3D14}.Debug|Any CPU.ActiveCfg = Debug|Any CPU
		{4619C16E-76E7-4BAF-B7BD-B9D9C5FB3D14}.Release|Any CPU.ActiveCfg = Release|Any CPU
	EndGlobalSection
	GlobalSection(SolutionProperties) = preSolution
		HideSolutionNode = FALSE
	EndGlobalSection
	GlobalSection(ExtensibilityGlobals) = postSolution
		SolutionGuid = {B3B6AD71-031B-4959-A898-6BB0E07346E8}
	EndGlobalSection
EndGlobal
